{
  "nodes": {
    "nixpkgs": {
      "locked": {
        "lastModified": 1739874174,
        "narHash": "sha256-XGxSVtojlwjYRYGvGXex0Cw+/363EVJlbY9TPX9bARk=",
        "owner": "nixos",
        "repo": "nixpkgs",
        "rev": "d2ab2691c798f6b633be91d74b1626980ddaff30",
        "type": "github"
      },
      "original": {
        "owner": "nixos",
        "repo": "nixpkgs",
        "type": "github"
      }
    },
    "nixpkgs_2405": {
      "locked": {
        "lastModified": 1729140607,
        "narHash": "sha256-duwsp94fJWmsSb48ApjQKmTKW5Tzvd8f4Hd44Ge/P5Y=",
        "owner": "nixos",
        "repo": "nixpkgs",
        "rev": "1bde3e8e37a72989d4d455adde764d45f45dc11c",
        "type": "github"
      },
      "original": {
        "owner": "nixos",
        "repo": "nixpkgs",
        "rev": "1bde3e8e37a72989d4d455adde764d45f45dc11c",
        "type": "github"
      }
    },
    "nixpkgs_unstable": {
      "locked": {
        "lastModified": 1739736696,
        "narHash": "sha256-zON2GNBkzsIyALlOCFiEBcIjI4w38GYOb+P+R4S8Jsw=",
        "owner": "nixos",
        "repo": "nixpkgs",
        "rev": "d74a2335ac9c133d6bbec9fc98d91a77f1604c1f",
        "type": "github"
      },
      "original": {
        "owner": "nixos",
        "ref": "nixos-unstable",
        "repo": "nixpkgs",
        "type": "github"
      }
    },
    "root": {
      "inputs": {
        "nixpkgs": "nixpkgs",
        "nixpkgs_2405": "nixpkgs_2405",
        "nixpkgs_unstable": "nixpkgs_unstable"
      }
    }
  },
  "root": "root",
  "version": 7
}
