{
  "nodes": {
    "nixpkgs": {
      "locked": {
        "lastModified": 1742268799,
        "narHash": "sha256-IhnK4LhkBlf14/F8THvUy3xi/TxSQkp9hikfDZRD4Ic=",
        "owner": "nixos",
        "repo": "nixpkgs",
        "rev": "da044451c6a70518db5b730fe277b70f494188f1",
        "type": "github"
      },
      "original": {
        "owner": "nixos",
        "ref": "nixos-24.11",
        "repo": "nixpkgs",
        "type": "github"
      }
    },
    "nixpkgs_2405": {
      "locked": {
        "lastModified": 1729140607,
        "narHash": "sha256-duwsp94fJWmsSb48ApjQKmTKW5Tzvd8f4Hd44Ge/P5Y=",
        "owner": "nixos",
        "repo": "nixpkgs",
        "rev": "1bde3e8e37a72989d4d455adde764d45f45dc11c",
        "type": "github"
      },
      "original": {
        "owner": "nixos",
        "repo": "nixpkgs",
        "rev": "1bde3e8e37a72989d4d455adde764d45f45dc11c",
        "type": "github"
      }
    },
    "nixpkgs_unstable": {
      "locked": {
        "lastModified": 1742288794,
        "narHash": "sha256-Txwa5uO+qpQXrNG4eumPSD+hHzzYi/CdaM80M9XRLCo=",
        "owner": "nixos",
        "repo": "nixpkgs",
        "rev": "b6eaf97c6960d97350c584de1b6dcff03c9daf42",
        "type": "github"
      },
      "original": {
        "owner": "nixos",
        "ref": "nixos-unstable",
        "repo": "nixpkgs",
        "type": "github"
      }
    },
    "root": {
      "inputs": {
        "nixpkgs": "nixpkgs",
        "nixpkgs_2405": "nixpkgs_2405",
        "nixpkgs_unstable": "nixpkgs_unstable"
      }
    }
  },
  "root": "root",
  "version": 7
}
